
Microsoft Visual Studio Solution File, Format Version 11.00
# Visual C# Express 2010
Project("{FAE04EC0-301F-11D3-BF4B-00C04F79EFBC}") = "k-aGv", "AGV\k-aGv.csproj", "{343C6311-93F7-4745-B5F6-ABBA6435F752}"
EndProject
Global
	GlobalSection(SolutionConfigurationPlatforms) = preSolution
		Debug|x86 = Debug|x86
		Release|x86 = Release|x86
	EndGlobalSection
	GlobalSection(ProjectConfigurationPlatforms) = postSolution
		{343C6311-93F7-4745-B5F6-ABBA6435F752}.Debug|x86.ActiveCfg = Debug|x86
		{343C6311-93F7-4745-B5F6-ABBA6435F752}.Debug|x86.Build.0 = Debug|x86
		{343C6311-93F7-4745-B5F6-ABBA6435F752}.Release|x86.ActiveCfg = Release|x86
		{343C6311-93F7-4745-B5F6-ABBA6435F752}.Release|x86.Build.0 = Release|x86
	EndGlobalSection
	GlobalSection(SolutionProperties) = preSolution
		HideSolutionNode = FALSE
	EndGlobalSection
EndGlobal
